
Microsoft Visual Studio Solution File, Format Version 12.00
# Visual Studio 15
VisualStudioVersion = 15.0.28307.438
MinimumVisualStudioVersion = 10.0.40219.1
Project("{8BC9CEB8-8B4A-11D0-8D11-00A0C91BC942}") = "로그인시스템게임추가과제", "로그인시스템게임추가과제\로그인시스템게임추가과제.vcxproj", "{2D0E6625-DD11-470C-9B90-EFF6075E5938}"
EndProject
Global
	GlobalSection(SolutionConfigurationPlatforms) = preSolution
		Debug|x64 = Debug|x64
		Debug|x86 = Debug|x86
		Release|x64 = Release|x64
		Release|x86 = Release|x86
	EndGlobalSection
	GlobalSection(ProjectConfigurationPlatforms) = postSolution
		{2D0E6625-DD11-470C-9B90-EFF6075E5938}.Debug|x64.ActiveCfg = Debug|x64
		{2D0E6625-DD11-470C-9B90-EFF6075E5938}.Debug|x64.Build.0 = Debug|x64
		{2D0E6625-DD11-470C-9B90-EFF6075E5938}.Debug|x86.ActiveCfg = Debug|Win32
		{2D0E6625-DD11-470C-9B90-EFF6075E5938}.Debug|x86.Build.0 = Debug|Win32
		{2D0E6625-DD11-470C-9B90-EFF6075E5938}.Release|x64.ActiveCfg = Release|x64
		{2D0E6625-DD11-470C-9B90-EFF6075E5938}.Release|x64.Build.0 = Release|x64
		{2D0E6625-DD11-470C-9B90-EFF6075E5938}.Release|x86.ActiveCfg = Release|Win32
		{2D0E6625-DD11-470C-9B90-EFF6075E5938}.Release|x86.Build.0 = Release|Win32
	EndGlobalSection
	GlobalSection(SolutionProperties) = preSolution
		HideSolutionNode = FALSE
	EndGlobalSection
	GlobalSection(ExtensibilityGlobals) = postSolution
		SolutionGuid = {37A46E12-6594-473A-8F14-414897ADA5B0}
	EndGlobalSection
EndGlobal
